
Microsoft Visual Studio Solution File, Format Version 12.00
# Visual Studio Version 17
VisualStudioVersion = 17.2.32630.192
MinimumVisualStudioVersion = 10.0.40219.1
Project("{FAE04EC0-301F-11D3-BF4B-00C04F79EFBC}") = "ExistingElement", "..\ExistingElement\ExistingElement.csproj", "{6BBA9A7A-9B41-4F79-835D-895C5F6EBD1B}"
EndProject
Global
	GlobalSection(SolutionConfigurationPlatforms) = preSolution
		Debug|Any CPU = Debug|Any CPU
		Release|Any CPU = Release|Any CPU
	EndGlobalSection
	GlobalSection(ProjectConfigurationPlatforms) = postSolution
		{6BBA9A7A-9B41-4F79-835D-895C5F6EBD1B}.Debug|Any CPU.ActiveCfg = Debug|Any CPU
		{6BBA9A7A-9B41-4F79-835D-895C5F6EBD1B}.Debug|Any CPU.Build.0 = Debug|Any CPU
		{6BBA9A7A-9B41-4F79-835D-895C5F6EBD1B}.Release|Any CPU.ActiveCfg = Release|Any CPU
		{6BBA9A7A-9B41-4F79-835D-895C5F6EBD1B}.Release|Any CPU.Build.0 = Release|Any CPU
	EndGlobalSection
	GlobalSection(SolutionProperties) = preSolution
		HideSolutionNode = FALSE
	EndGlobalSection
	GlobalSection(ExtensibilityGlobals) = postSolution
		SolutionGuid = {A63C3C1A-77A3-4F2C-969D-56EC14377BF5}
	EndGlobalSection
EndGlobal
