
Microsoft Visual Studio Solution File, Format Version 12.00
# Visual Studio Version 17
VisualStudioVersion = 17.0.32112.339
MinimumVisualStudioVersion = 10.0.40219.1
Project("{9A19103F-16F7-4668-BE54-9A1E7A4F7556}") = "ArrayLadyBug", "Methods\ArrayLadyBug.csproj", "{71D46E43-B593-44C5-A186-7C5C4623FF59}"
EndProject
Project("{9A19103F-16F7-4668-BE54-9A1E7A4F7556}") = "InClassMethods", "InClassMethods\InClassMethods.csproj", "{1CDA905F-B658-497F-A58C-E5D10B91A23E}"
EndProject
Project("{9A19103F-16F7-4668-BE54-9A1E7A4F7556}") = "SmalestOfThree", "SmalestOfThree\SmalestOfThree.csproj", "{792E3518-F769-4544-884A-7CD5B8ECB3DB}"
EndProject
Project("{9A19103F-16F7-4668-BE54-9A1E7A4F7556}") = "VowelsCheker", "VowelsCheker\VowelsCheker.csproj", "{B9847D77-6279-4388-AE8F-AC112CACB411}"
EndProject
Project("{9A19103F-16F7-4668-BE54-9A1E7A4F7556}") = "CharInRange", "CharInRange\CharInRange.csproj", "{94BB16B3-9D81-4633-8BA1-41AA70293D3F}"
EndProject
Project("{9A19103F-16F7-4668-BE54-9A1E7A4F7556}") = "PasswordValidator", "PasswordValidator\PasswordValidator.csproj", "{EB17528B-AEFD-4EC9-95B5-26C2500DCF61}"
EndProject
Project("{9A19103F-16F7-4668-BE54-9A1E7A4F7556}") = "AddSubtract", "AddSubtract\AddSubtract.csproj", "{5D034AB6-73C1-445F-89FC-D8D9D12D2D2E}"
EndProject
Project("{9A19103F-16F7-4668-BE54-9A1E7A4F7556}") = "MiddleChracters", "MiddleChracters\MiddleChracters.csproj", "{DF7554B6-13B2-4B6A-A32D-8BE1A2E5C460}"
EndProject
Project("{FAE04EC0-301F-11D3-BF4B-00C04F79EFBC}") = "NxN", "NxN\NxN.csproj", "{3047B985-F114-4BC1-B49E-461394B9CBA1}"
EndProject
Project("{FAE04EC0-301F-11D3-BF4B-00C04F79EFBC}") = "FactorialDivision", "FactorialDivision\FactorialDivision.csproj", "{6E2150A3-7600-49CD-AF51-5A35F25FF3A1}"
EndProject
Project("{FAE04EC0-301F-11D3-BF4B-00C04F79EFBC}") = "PalindromeIntegers", "PalindromeIntegers\PalindromeIntegers.csproj", "{697C53A1-01F3-4370-8B30-C05D0A6671A5}"
EndProject
Project("{FAE04EC0-301F-11D3-BF4B-00C04F79EFBC}") = "TopNumber", "TopNumber\TopNumber.csproj", "{C54E9133-5046-49CF-8599-67807D132335}"
EndProject
Global
	GlobalSection(SolutionConfigurationPlatforms) = preSolution
		Debug|Any CPU = Debug|Any CPU
		Release|Any CPU = Release|Any CPU
	EndGlobalSection
	GlobalSection(ProjectConfigurationPlatforms) = postSolution
		{71D46E43-B593-44C5-A186-7C5C4623FF59}.Debug|Any CPU.ActiveCfg = Debug|Any CPU
		{71D46E43-B593-44C5-A186-7C5C4623FF59}.Debug|Any CPU.Build.0 = Debug|Any CPU
		{71D46E43-B593-44C5-A186-7C5C4623FF59}.Release|Any CPU.ActiveCfg = Release|Any CPU
		{71D46E43-B593-44C5-A186-7C5C4623FF59}.Release|Any CPU.Build.0 = Release|Any CPU
		{1CDA905F-B658-497F-A58C-E5D10B91A23E}.Debug|Any CPU.ActiveCfg = Debug|Any CPU
		{1CDA905F-B658-497F-A58C-E5D10B91A23E}.Debug|Any CPU.Build.0 = Debug|Any CPU
		{1CDA905F-B658-497F-A58C-E5D10B91A23E}.Release|Any CPU.ActiveCfg = Release|Any CPU
		{1CDA905F-B658-497F-A58C-E5D10B91A23E}.Release|Any CPU.Build.0 = Release|Any CPU
		{792E3518-F769-4544-884A-7CD5B8ECB3DB}.Debug|Any CPU.ActiveCfg = Debug|Any CPU
		{792E3518-F769-4544-884A-7CD5B8ECB3DB}.Debug|Any CPU.Build.0 = Debug|Any CPU
		{792E3518-F769-4544-884A-7CD5B8ECB3DB}.Release|Any CPU.ActiveCfg = Release|Any CPU
		{792E3518-F769-4544-884A-7CD5B8ECB3DB}.Release|Any CPU.Build.0 = Release|Any CPU
		{B9847D77-6279-4388-AE8F-AC112CACB411}.Debug|Any CPU.ActiveCfg = Debug|Any CPU
		{B9847D77-6279-4388-AE8F-AC112CACB411}.Debug|Any CPU.Build.0 = Debug|Any CPU
		{B9847D77-6279-4388-AE8F-AC112CACB411}.Release|Any CPU.ActiveCfg = Release|Any CPU
		{B9847D77-6279-4388-AE8F-AC112CACB411}.Release|Any CPU.Build.0 = Release|Any CPU
		{94BB16B3-9D81-4633-8BA1-41AA70293D3F}.Debug|Any CPU.ActiveCfg = Debug|Any CPU
		{94BB16B3-9D81-4633-8BA1-41AA70293D3F}.Debug|Any CPU.Build.0 = Debug|Any CPU
		{94BB16B3-9D81-4633-8BA1-41AA70293D3F}.Release|Any CPU.ActiveCfg = Release|Any CPU
		{94BB16B3-9D81-4633-8BA1-41AA70293D3F}.Release|Any CPU.Build.0 = Release|Any CPU
		{EB17528B-AEFD-4EC9-95B5-26C2500DCF61}.Debug|Any CPU.ActiveCfg = Debug|Any CPU
		{EB17528B-AEFD-4EC9-95B5-26C2500DCF61}.Debug|Any CPU.Build.0 = Debug|Any CPU
		{EB17528B-AEFD-4EC9-95B5-26C2500DCF61}.Release|Any CPU.ActiveCfg = Release|Any CPU
		{EB17528B-AEFD-4EC9-95B5-26C2500DCF61}.Release|Any CPU.Build.0 = Release|Any CPU
		{5D034AB6-73C1-445F-89FC-D8D9D12D2D2E}.Debug|Any CPU.ActiveCfg = Debug|Any CPU
		{5D034AB6-73C1-445F-89FC-D8D9D12D2D2E}.Debug|Any CPU.Build.0 = Debug|Any CPU
		{5D034AB6-73C1-445F-89FC-D8D9D12D2D2E}.Release|Any CPU.ActiveCfg = Release|Any CPU
		{5D034AB6-73C1-445F-89FC-D8D9D12D2D2E}.Release|Any CPU.Build.0 = Release|Any CPU
		{DF7554B6-13B2-4B6A-A32D-8BE1A2E5C460}.Debug|Any CPU.ActiveCfg = Debug|Any CPU
		{DF7554B6-13B2-4B6A-A32D-8BE1A2E5C460}.Debug|Any CPU.Build.0 = Debug|Any CPU
		{DF7554B6-13B2-4B6A-A32D-8BE1A2E5C460}.Release|Any CPU.ActiveCfg = Release|Any CPU
		{DF7554B6-13B2-4B6A-A32D-8BE1A2E5C460}.Release|Any CPU.Build.0 = Release|Any CPU
		{3047B985-F114-4BC1-B49E-461394B9CBA1}.Debug|Any CPU.ActiveCfg = Debug|Any CPU
		{3047B985-F114-4BC1-B49E-461394B9CBA1}.Debug|Any CPU.Build.0 = Debug|Any CPU
		{3047B985-F114-4BC1-B49E-461394B9CBA1}.Release|Any CPU.ActiveCfg = Release|Any CPU
		{3047B985-F114-4BC1-B49E-461394B9CBA1}.Release|Any CPU.Build.0 = Release|Any CPU
		{6E2150A3-7600-49CD-AF51-5A35F25FF3A1}.Debug|Any CPU.ActiveCfg = Debug|Any CPU
		{6E2150A3-7600-49CD-AF51-5A35F25FF3A1}.Debug|Any CPU.Build.0 = Debug|Any CPU
		{6E2150A3-7600-49CD-AF51-5A35F25FF3A1}.Release|Any CPU.ActiveCfg = Release|Any CPU
		{6E2150A3-7600-49CD-AF51-5A35F25FF3A1}.Release|Any CPU.Build.0 = Release|Any CPU
		{697C53A1-01F3-4370-8B30-C05D0A6671A5}.Debug|Any CPU.ActiveCfg = Debug|Any CPU
		{697C53A1-01F3-4370-8B30-C05D0A6671A5}.Debug|Any CPU.Build.0 = Debug|Any CPU
		{697C53A1-01F3-4370-8B30-C05D0A6671A5}.Release|Any CPU.ActiveCfg = Release|Any CPU
		{697C53A1-01F3-4370-8B30-C05D0A6671A5}.Release|Any CPU.Build.0 = Release|Any CPU
		{C54E9133-5046-49CF-8599-67807D132335}.Debug|Any CPU.ActiveCfg = Debug|Any CPU
		{C54E9133-5046-49CF-8599-67807D132335}.Debug|Any CPU.Build.0 = Debug|Any CPU
		{C54E9133-5046-49CF-8599-67807D132335}.Release|Any CPU.ActiveCfg = Release|Any CPU
		{C54E9133-5046-49CF-8599-67807D132335}.Release|Any CPU.Build.0 = Release|Any CPU
	EndGlobalSection
	GlobalSection(SolutionProperties) = preSolution
		HideSolutionNode = FALSE
	EndGlobalSection
	GlobalSection(ExtensibilityGlobals) = postSolution
		SolutionGuid = {97C16D5B-8FBA-44E0-A490-EA7481E9B1AC}
	EndGlobalSection
EndGlobal
