
Microsoft Visual Studio Solution File, Format Version 12.00
# Visual Studio Version 17
VisualStudioVersion = 17.2.32630.192
MinimumVisualStudioVersion = 10.0.40219.1
Project("{FAE04EC0-301F-11D3-BF4B-00C04F79EFBC}") = "MOBA Rage", "..\MOBA Rage\MOBA Rage.csproj", "{242C7F98-02E7-4684-BB98-B2B8306C2C9E}"
EndProject
Global
	GlobalSection(SolutionConfigurationPlatforms) = preSolution
		Debug|Any CPU = Debug|Any CPU
		Release|Any CPU = Release|Any CPU
	EndGlobalSection
	GlobalSection(ProjectConfigurationPlatforms) = postSolution
		{242C7F98-02E7-4684-BB98-B2B8306C2C9E}.Debug|Any CPU.ActiveCfg = Debug|Any CPU
		{242C7F98-02E7-4684-BB98-B2B8306C2C9E}.Debug|Any CPU.Build.0 = Debug|Any CPU
		{242C7F98-02E7-4684-BB98-B2B8306C2C9E}.Release|Any CPU.ActiveCfg = Release|Any CPU
		{242C7F98-02E7-4684-BB98-B2B8306C2C9E}.Release|Any CPU.Build.0 = Release|Any CPU
	EndGlobalSection
	GlobalSection(SolutionProperties) = preSolution
		HideSolutionNode = FALSE
	EndGlobalSection
	GlobalSection(ExtensibilityGlobals) = postSolution
		SolutionGuid = {B79F223A-E1B3-4ACC-8141-88C50E0A5585}
	EndGlobalSection
EndGlobal
